
Microsoft Visual Studio Solution File, Format Version 12.00
# Visual Studio Version 17
VisualStudioVersion = 17.0.32014.148
MinimumVisualStudioVersion = 10.0.40219.1
Project("{2150E333-8FDC-42A3-9474-1A3956D46DE8}") = ".nuget", ".nuget", "{30C353C8-7E08-4370-A328-C24757B005FD}"
	ProjectSection(SolutionItems) = preProject
		.nuget\NuGet.Config = .nuget\NuGet.Config
		.nuget\NuGet.exe = .nuget\NuGet.exe
	EndProjectSection
EndProject
Project("{2150E333-8FDC-42A3-9474-1A3956D46DE8}") = "Solution Items", "Solution Items", "{A881AEA4-9188-4383-8CDF-8A78C5D5244E}"
	ProjectSection(SolutionItems) = preProject
		busidexapi.azurewebsites.net.PublishSettings = busidexapi.azurewebsites.net.PublishSettings
		Busidex4\FindACard.flv = Busidex4\FindACard.flv
		Email Templates\index.html = Email Templates\index.html
		testusers.txt = testusers.txt
		Busidex4\upload\UploadBlobs.ps1 = Busidex4\upload\UploadBlobs.ps1
		WE-browsers.xml = WE-browsers.xml
		WE2013-settings.xml = WE2013-settings.xml
		WebEssentials-Settings.json = WebEssentials-Settings.json
	EndProjectSection
EndProject
Project("{FAE04EC0-301F-11D3-BF4B-00C04F79EFBC}") = "Busidex.Providers", "Busidex.Providers\Busidex.Providers.csproj", "{BAA18D3B-8C5A-494C-A368-7A152A38CA5D}"
EndProject
Project("{FAE04EC0-301F-11D3-BF4B-00C04F79EFBC}") = "BusidexJS", "BusidexJS\BusidexJS.csproj", "{9E0BABF1-FD92-48E0-8577-C5FBAE9158F3}"
EndProject
Project("{FAE04EC0-301F-11D3-BF4B-00C04F79EFBC}") = "Busidex.Api", "Busidex.Api\Busidex.Api.csproj", "{0A0E3CC8-976D-44A0-B794-2730701CC32A}"
EndProject
Project("{FAE04EC0-301F-11D3-BF4B-00C04F79EFBC}") = "EmailTemplates", "EmailTemplates\EmailTemplates.csproj", "{595FB491-AA96-4EBC-84CA-1B2DB539E95A}"
EndProject
Project("{FAE04EC0-301F-11D3-BF4B-00C04F79EFBC}") = "Busidex.Web", "Busidex.Web\Busidex.Web.csproj", "{BC791673-0661-4CB3-B933-9A3256AAFE6B}"
EndProject
Project("{FAE04EC0-301F-11D3-BF4B-00C04F79EFBC}") = "Busidex.Start", "Busidex.Start\Busidex.Start.csproj", "{F50F199A-36BC-4320-A49F-F51BD7A784D2}"
EndProject
Project("{FAE04EC0-301F-11D3-BF4B-00C04F79EFBC}") = "Busidex.Register", "Busidex.Register\Busidex.Register.csproj", "{B3A0769E-766F-4232-B6B5-4341E45A5060}"
EndProject
Project("{FAE04EC0-301F-11D3-BF4B-00C04F79EFBC}") = "Busidex.QuickShare", "Busidex.QuickShare\Busidex.QuickShare.csproj", "{A3D42D1A-3647-4B1B-8971-A65BD63EEDFA}"
EndProject
Project("{FAE04EC0-301F-11D3-BF4B-00C04F79EFBC}") = "Busidex.DomainModels", "Busidex.DomainModels\Busidex.DomainModels.csproj", "{96A3DF77-FC93-4253-BF08-928CA4FB1B63}"
EndProject
Project("{FAE04EC0-301F-11D3-BF4B-00C04F79EFBC}") = "Busidex.DataAccess", "Busidex.DataAccess\Busidex.DataAccess.csproj", "{EBDE3BC6-7725-4F4B-9F9C-1CBF4395F34C}"
EndProject
Project("{9A19103F-16F7-4668-BE54-9A1E7A4F7556}") = "Busidex.Functions.DotNetCore", "Busidex.Functions.DotNetCore\Busidex.Functions.DotNetCore.csproj", "{72C58E72-5600-42A4-9687-38B6A859DBC8}"
EndProject
Project("{9A19103F-16F7-4668-BE54-9A1E7A4F7556}") = "Busidex.Functions", "Busidex.Functions\Busidex.Functions.csproj", "{2217F3AD-06B8-4B6C-8E3E-85E6E596B70A}"
EndProject
Project("{9A19103F-16F7-4668-BE54-9A1E7A4F7556}") = "Busidex.DataServices", "Busidex.DataServices\Busidex.DataServices.csproj", "{36F3B958-1F32-4980-91DD-4BE68B7787A6}"
EndProject
Project("{9A19103F-16F7-4668-BE54-9A1E7A4F7556}") = "Busidex.DataAccess.DotNet", "Busidex.DataAccess.DotNet\Busidex.DataAccess.DotNet.csproj", "{41CB4170-1EC5-4859-8751-750DA4942AE1}"
EndProject
Project("{9A19103F-16F7-4668-BE54-9A1E7A4F7556}") = "Busidex.DomainModels.DotNet", "Busidex.DomainModels.DotNet\Busidex.DomainModels.DotNet.csproj", "{AAF587B8-9767-47EA-85F8-08D6FB521378}"
EndProject
Project("{9A19103F-16F7-4668-BE54-9A1E7A4F7556}") = "Busidex.DataServices.DotNet", "Busidex.DataServices.DotNet\Busidex.DataServices.DotNet.csproj", "{9D9CBD01-0F1B-4A8E-A78F-48CC06DAB33A}"
EndProject
Global
	GlobalSection(SolutionConfigurationPlatforms) = preSolution
		CodeAnalysis|Any CPU = CodeAnalysis|Any CPU
		CodeAnalysis|x86 = CodeAnalysis|x86
		Debug|Any CPU = Debug|Any CPU
		Debug|x86 = Debug|x86
		QA|Any CPU = QA|Any CPU
		QA|x86 = QA|x86
		Release|Any CPU = Release|Any CPU
		Release|x86 = Release|x86
	EndGlobalSection
	GlobalSection(ProjectConfigurationPlatforms) = postSolution
		{BAA18D3B-8C5A-494C-A368-7A152A38CA5D}.CodeAnalysis|Any CPU.ActiveCfg = Release|Any CPU
		{BAA18D3B-8C5A-494C-A368-7A152A38CA5D}.CodeAnalysis|Any CPU.Build.0 = Release|Any CPU
		{BAA18D3B-8C5A-494C-A368-7A152A38CA5D}.CodeAnalysis|x86.ActiveCfg = Release|Any CPU
		{BAA18D3B-8C5A-494C-A368-7A152A38CA5D}.Debug|Any CPU.ActiveCfg = Debug|Any CPU
		{BAA18D3B-8C5A-494C-A368-7A152A38CA5D}.Debug|Any CPU.Build.0 = Debug|Any CPU
		{BAA18D3B-8C5A-494C-A368-7A152A38CA5D}.Debug|x86.ActiveCfg = Debug|Any CPU
		{BAA18D3B-8C5A-494C-A368-7A152A38CA5D}.QA|Any CPU.ActiveCfg = QA|Any CPU
		{BAA18D3B-8C5A-494C-A368-7A152A38CA5D}.QA|Any CPU.Build.0 = QA|Any CPU
		{BAA18D3B-8C5A-494C-A368-7A152A38CA5D}.QA|x86.ActiveCfg = QA|Any CPU
		{BAA18D3B-8C5A-494C-A368-7A152A38CA5D}.Release|Any CPU.ActiveCfg = Release|Any CPU
		{BAA18D3B-8C5A-494C-A368-7A152A38CA5D}.Release|Any CPU.Build.0 = Release|Any CPU
		{BAA18D3B-8C5A-494C-A368-7A152A38CA5D}.Release|x86.ActiveCfg = Release|Any CPU
		{9E0BABF1-FD92-48E0-8577-C5FBAE9158F3}.CodeAnalysis|Any CPU.ActiveCfg = Release|Any CPU
		{9E0BABF1-FD92-48E0-8577-C5FBAE9158F3}.CodeAnalysis|Any CPU.Build.0 = Release|Any CPU
		{9E0BABF1-FD92-48E0-8577-C5FBAE9158F3}.CodeAnalysis|x86.ActiveCfg = Release|Any CPU
		{9E0BABF1-FD92-48E0-8577-C5FBAE9158F3}.Debug|Any CPU.ActiveCfg = Debug|Any CPU
		{9E0BABF1-FD92-48E0-8577-C5FBAE9158F3}.Debug|x86.ActiveCfg = Debug|Any CPU
		{9E0BABF1-FD92-48E0-8577-C5FBAE9158F3}.QA|Any CPU.ActiveCfg = QA|Any CPU
		{9E0BABF1-FD92-48E0-8577-C5FBAE9158F3}.QA|Any CPU.Build.0 = QA|Any CPU
		{9E0BABF1-FD92-48E0-8577-C5FBAE9158F3}.QA|x86.ActiveCfg = QA|Any CPU
		{9E0BABF1-FD92-48E0-8577-C5FBAE9158F3}.Release|Any CPU.ActiveCfg = Release|Any CPU
		{9E0BABF1-FD92-48E0-8577-C5FBAE9158F3}.Release|x86.ActiveCfg = Release|Any CPU
		{0A0E3CC8-976D-44A0-B794-2730701CC32A}.CodeAnalysis|Any CPU.ActiveCfg = Release|Any CPU
		{0A0E3CC8-976D-44A0-B794-2730701CC32A}.CodeAnalysis|Any CPU.Build.0 = Release|Any CPU
		{0A0E3CC8-976D-44A0-B794-2730701CC32A}.CodeAnalysis|x86.ActiveCfg = Release|Any CPU
		{0A0E3CC8-976D-44A0-B794-2730701CC32A}.Debug|Any CPU.ActiveCfg = Debug|Any CPU
		{0A0E3CC8-976D-44A0-B794-2730701CC32A}.Debug|Any CPU.Build.0 = Debug|Any CPU
		{0A0E3CC8-976D-44A0-B794-2730701CC32A}.Debug|x86.ActiveCfg = Debug|Any CPU
		{0A0E3CC8-976D-44A0-B794-2730701CC32A}.QA|Any CPU.ActiveCfg = QA|Any CPU
		{0A0E3CC8-976D-44A0-B794-2730701CC32A}.QA|Any CPU.Build.0 = QA|Any CPU
		{0A0E3CC8-976D-44A0-B794-2730701CC32A}.QA|x86.ActiveCfg = QA|Any CPU
		{0A0E3CC8-976D-44A0-B794-2730701CC32A}.Release|Any CPU.ActiveCfg = Release|Any CPU
		{0A0E3CC8-976D-44A0-B794-2730701CC32A}.Release|Any CPU.Build.0 = Release|Any CPU
		{0A0E3CC8-976D-44A0-B794-2730701CC32A}.Release|x86.ActiveCfg = Release|Any CPU
		{595FB491-AA96-4EBC-84CA-1B2DB539E95A}.CodeAnalysis|Any CPU.ActiveCfg = Debug|Any CPU
		{595FB491-AA96-4EBC-84CA-1B2DB539E95A}.CodeAnalysis|Any CPU.Build.0 = Debug|Any CPU
		{595FB491-AA96-4EBC-84CA-1B2DB539E95A}.CodeAnalysis|x86.ActiveCfg = Debug|Any CPU
		{595FB491-AA96-4EBC-84CA-1B2DB539E95A}.Debug|Any CPU.ActiveCfg = Debug|Any CPU
		{595FB491-AA96-4EBC-84CA-1B2DB539E95A}.Debug|x86.ActiveCfg = Debug|Any CPU
		{595FB491-AA96-4EBC-84CA-1B2DB539E95A}.QA|Any CPU.ActiveCfg = Debug|Any CPU
		{595FB491-AA96-4EBC-84CA-1B2DB539E95A}.QA|Any CPU.Build.0 = Debug|Any CPU
		{595FB491-AA96-4EBC-84CA-1B2DB539E95A}.QA|x86.ActiveCfg = Debug|Any CPU
		{595FB491-AA96-4EBC-84CA-1B2DB539E95A}.Release|Any CPU.ActiveCfg = Release|Any CPU
		{595FB491-AA96-4EBC-84CA-1B2DB539E95A}.Release|x86.ActiveCfg = Release|Any CPU
		{BC791673-0661-4CB3-B933-9A3256AAFE6B}.CodeAnalysis|Any CPU.ActiveCfg = Release|Any CPU
		{BC791673-0661-4CB3-B933-9A3256AAFE6B}.CodeAnalysis|Any CPU.Build.0 = Release|Any CPU
		{BC791673-0661-4CB3-B933-9A3256AAFE6B}.CodeAnalysis|x86.ActiveCfg = Release|Any CPU
		{BC791673-0661-4CB3-B933-9A3256AAFE6B}.Debug|Any CPU.ActiveCfg = Debug|Any CPU
		{BC791673-0661-4CB3-B933-9A3256AAFE6B}.Debug|x86.ActiveCfg = Debug|Any CPU
		{BC791673-0661-4CB3-B933-9A3256AAFE6B}.QA|Any CPU.ActiveCfg = Release|Any CPU
		{BC791673-0661-4CB3-B933-9A3256AAFE6B}.QA|Any CPU.Build.0 = Release|Any CPU
		{BC791673-0661-4CB3-B933-9A3256AAFE6B}.QA|x86.ActiveCfg = Release|Any CPU
		{BC791673-0661-4CB3-B933-9A3256AAFE6B}.Release|Any CPU.ActiveCfg = Release|Any CPU
		{BC791673-0661-4CB3-B933-9A3256AAFE6B}.Release|x86.ActiveCfg = Release|Any CPU
		{F50F199A-36BC-4320-A49F-F51BD7A784D2}.CodeAnalysis|Any CPU.ActiveCfg = Release|Any CPU
		{F50F199A-36BC-4320-A49F-F51BD7A784D2}.CodeAnalysis|Any CPU.Build.0 = Release|Any CPU
		{F50F199A-36BC-4320-A49F-F51BD7A784D2}.CodeAnalysis|x86.ActiveCfg = Release|Any CPU
		{F50F199A-36BC-4320-A49F-F51BD7A784D2}.Debug|Any CPU.ActiveCfg = Debug|Any CPU
		{F50F199A-36BC-4320-A49F-F51BD7A784D2}.Debug|x86.ActiveCfg = Debug|Any CPU
		{F50F199A-36BC-4320-A49F-F51BD7A784D2}.QA|Any CPU.ActiveCfg = Release|Any CPU
		{F50F199A-36BC-4320-A49F-F51BD7A784D2}.QA|Any CPU.Build.0 = Release|Any CPU
		{F50F199A-36BC-4320-A49F-F51BD7A784D2}.QA|x86.ActiveCfg = Release|Any CPU
		{F50F199A-36BC-4320-A49F-F51BD7A784D2}.Release|Any CPU.ActiveCfg = Release|Any CPU
		{F50F199A-36BC-4320-A49F-F51BD7A784D2}.Release|x86.ActiveCfg = Release|Any CPU
		{B3A0769E-766F-4232-B6B5-4341E45A5060}.CodeAnalysis|Any CPU.ActiveCfg = Release|Any CPU
		{B3A0769E-766F-4232-B6B5-4341E45A5060}.CodeAnalysis|Any CPU.Build.0 = Release|Any CPU
		{B3A0769E-766F-4232-B6B5-4341E45A5060}.CodeAnalysis|x86.ActiveCfg = Release|Any CPU
		{B3A0769E-766F-4232-B6B5-4341E45A5060}.Debug|Any CPU.ActiveCfg = Debug|Any CPU
		{B3A0769E-766F-4232-B6B5-4341E45A5060}.Debug|x86.ActiveCfg = Debug|Any CPU
		{B3A0769E-766F-4232-B6B5-4341E45A5060}.QA|Any CPU.ActiveCfg = Release|Any CPU
		{B3A0769E-766F-4232-B6B5-4341E45A5060}.QA|Any CPU.Build.0 = Release|Any CPU
		{B3A0769E-766F-4232-B6B5-4341E45A5060}.QA|x86.ActiveCfg = Release|Any CPU
		{B3A0769E-766F-4232-B6B5-4341E45A5060}.Release|Any CPU.ActiveCfg = Release|Any CPU
		{B3A0769E-766F-4232-B6B5-4341E45A5060}.Release|x86.ActiveCfg = Release|Any CPU
		{A3D42D1A-3647-4B1B-8971-A65BD63EEDFA}.CodeAnalysis|Any CPU.ActiveCfg = Release|Any CPU
		{A3D42D1A-3647-4B1B-8971-A65BD63EEDFA}.CodeAnalysis|Any CPU.Build.0 = Release|Any CPU
		{A3D42D1A-3647-4B1B-8971-A65BD63EEDFA}.CodeAnalysis|x86.ActiveCfg = Release|Any CPU
		{A3D42D1A-3647-4B1B-8971-A65BD63EEDFA}.CodeAnalysis|x86.Build.0 = Release|Any CPU
		{A3D42D1A-3647-4B1B-8971-A65BD63EEDFA}.Debug|Any CPU.ActiveCfg = Debug|Any CPU
		{A3D42D1A-3647-4B1B-8971-A65BD63EEDFA}.Debug|x86.ActiveCfg = Debug|Any CPU
		{A3D42D1A-3647-4B1B-8971-A65BD63EEDFA}.Debug|x86.Build.0 = Debug|Any CPU
		{A3D42D1A-3647-4B1B-8971-A65BD63EEDFA}.QA|Any CPU.ActiveCfg = Release|Any CPU
		{A3D42D1A-3647-4B1B-8971-A65BD63EEDFA}.QA|Any CPU.Build.0 = Release|Any CPU
		{A3D42D1A-3647-4B1B-8971-A65BD63EEDFA}.QA|x86.ActiveCfg = Release|Any CPU
		{A3D42D1A-3647-4B1B-8971-A65BD63EEDFA}.QA|x86.Build.0 = Release|Any CPU
		{A3D42D1A-3647-4B1B-8971-A65BD63EEDFA}.Release|Any CPU.ActiveCfg = Release|Any CPU
		{A3D42D1A-3647-4B1B-8971-A65BD63EEDFA}.Release|x86.ActiveCfg = Release|Any CPU
		{A3D42D1A-3647-4B1B-8971-A65BD63EEDFA}.Release|x86.Build.0 = Release|Any CPU
		{96A3DF77-FC93-4253-BF08-928CA4FB1B63}.CodeAnalysis|Any CPU.ActiveCfg = Release|Any CPU
		{96A3DF77-FC93-4253-BF08-928CA4FB1B63}.CodeAnalysis|Any CPU.Build.0 = Release|Any CPU
		{96A3DF77-FC93-4253-BF08-928CA4FB1B63}.CodeAnalysis|x86.ActiveCfg = Release|Any CPU
		{96A3DF77-FC93-4253-BF08-928CA4FB1B63}.CodeAnalysis|x86.Build.0 = Release|Any CPU
		{96A3DF77-FC93-4253-BF08-928CA4FB1B63}.Debug|Any CPU.ActiveCfg = Debug|Any CPU
		{96A3DF77-FC93-4253-BF08-928CA4FB1B63}.Debug|Any CPU.Build.0 = Debug|Any CPU
		{96A3DF77-FC93-4253-BF08-928CA4FB1B63}.Debug|x86.ActiveCfg = Debug|Any CPU
		{96A3DF77-FC93-4253-BF08-928CA4FB1B63}.Debug|x86.Build.0 = Debug|Any CPU
		{96A3DF77-FC93-4253-BF08-928CA4FB1B63}.QA|Any CPU.ActiveCfg = Release|Any CPU
		{96A3DF77-FC93-4253-BF08-928CA4FB1B63}.QA|Any CPU.Build.0 = Release|Any CPU
		{96A3DF77-FC93-4253-BF08-928CA4FB1B63}.QA|x86.ActiveCfg = Release|Any CPU
		{96A3DF77-FC93-4253-BF08-928CA4FB1B63}.QA|x86.Build.0 = Release|Any CPU
		{96A3DF77-FC93-4253-BF08-928CA4FB1B63}.Release|Any CPU.ActiveCfg = Release|Any CPU
		{96A3DF77-FC93-4253-BF08-928CA4FB1B63}.Release|Any CPU.Build.0 = Release|Any CPU
		{96A3DF77-FC93-4253-BF08-928CA4FB1B63}.Release|x86.ActiveCfg = Release|Any CPU
		{96A3DF77-FC93-4253-BF08-928CA4FB1B63}.Release|x86.Build.0 = Release|Any CPU
		{EBDE3BC6-7725-4F4B-9F9C-1CBF4395F34C}.CodeAnalysis|Any CPU.ActiveCfg = Release|Any CPU
		{EBDE3BC6-7725-4F4B-9F9C-1CBF4395F34C}.CodeAnalysis|Any CPU.Build.0 = Release|Any CPU
		{EBDE3BC6-7725-4F4B-9F9C-1CBF4395F34C}.CodeAnalysis|x86.ActiveCfg = Release|Any CPU
		{EBDE3BC6-7725-4F4B-9F9C-1CBF4395F34C}.CodeAnalysis|x86.Build.0 = Release|Any CPU
		{EBDE3BC6-7725-4F4B-9F9C-1CBF4395F34C}.Debug|Any CPU.ActiveCfg = Debug|Any CPU
		{EBDE3BC6-7725-4F4B-9F9C-1CBF4395F34C}.Debug|Any CPU.Build.0 = Debug|Any CPU
		{EBDE3BC6-7725-4F4B-9F9C-1CBF4395F34C}.Debug|x86.ActiveCfg = Debug|Any CPU
		{EBDE3BC6-7725-4F4B-9F9C-1CBF4395F34C}.Debug|x86.Build.0 = Debug|Any CPU
		{EBDE3BC6-7725-4F4B-9F9C-1CBF4395F34C}.QA|Any CPU.ActiveCfg = Release|Any CPU
		{EBDE3BC6-7725-4F4B-9F9C-1CBF4395F34C}.QA|Any CPU.Build.0 = Release|Any CPU
		{EBDE3BC6-7725-4F4B-9F9C-1CBF4395F34C}.QA|x86.ActiveCfg = Release|Any CPU
		{EBDE3BC6-7725-4F4B-9F9C-1CBF4395F34C}.QA|x86.Build.0 = Release|Any CPU
		{EBDE3BC6-7725-4F4B-9F9C-1CBF4395F34C}.Release|Any CPU.ActiveCfg = Release|Any CPU
		{EBDE3BC6-7725-4F4B-9F9C-1CBF4395F34C}.Release|Any CPU.Build.0 = Release|Any CPU
		{EBDE3BC6-7725-4F4B-9F9C-1CBF4395F34C}.Release|x86.ActiveCfg = Release|Any CPU
		{EBDE3BC6-7725-4F4B-9F9C-1CBF4395F34C}.Release|x86.Build.0 = Release|Any CPU
		{72C58E72-5600-42A4-9687-38B6A859DBC8}.CodeAnalysis|Any CPU.ActiveCfg = Debug|Any CPU
		{72C58E72-5600-42A4-9687-38B6A859DBC8}.CodeAnalysis|Any CPU.Build.0 = Debug|Any CPU
		{72C58E72-5600-42A4-9687-38B6A859DBC8}.CodeAnalysis|x86.ActiveCfg = Debug|Any CPU
		{72C58E72-5600-42A4-9687-38B6A859DBC8}.CodeAnalysis|x86.Build.0 = Debug|Any CPU
		{72C58E72-5600-42A4-9687-38B6A859DBC8}.Debug|Any CPU.ActiveCfg = Debug|Any CPU
		{72C58E72-5600-42A4-9687-38B6A859DBC8}.Debug|Any CPU.Build.0 = Debug|Any CPU
		{72C58E72-5600-42A4-9687-38B6A859DBC8}.Debug|x86.ActiveCfg = Debug|Any CPU
		{72C58E72-5600-42A4-9687-38B6A859DBC8}.Debug|x86.Build.0 = Debug|Any CPU
		{72C58E72-5600-42A4-9687-38B6A859DBC8}.QA|Any CPU.ActiveCfg = Debug|Any CPU
		{72C58E72-5600-42A4-9687-38B6A859DBC8}.QA|Any CPU.Build.0 = Debug|Any CPU
		{72C58E72-5600-42A4-9687-38B6A859DBC8}.QA|x86.ActiveCfg = Debug|Any CPU
		{72C58E72-5600-42A4-9687-38B6A859DBC8}.QA|x86.Build.0 = Debug|Any CPU
		{72C58E72-5600-42A4-9687-38B6A859DBC8}.Release|Any CPU.ActiveCfg = Release|Any CPU
		{72C58E72-5600-42A4-9687-38B6A859DBC8}.Release|Any CPU.Build.0 = Release|Any CPU
		{72C58E72-5600-42A4-9687-38B6A859DBC8}.Release|x86.ActiveCfg = Release|Any CPU
		{72C58E72-5600-42A4-9687-38B6A859DBC8}.Release|x86.Build.0 = Release|Any CPU
		{2217F3AD-06B8-4B6C-8E3E-85E6E596B70A}.CodeAnalysis|Any CPU.ActiveCfg = Debug|Any CPU
		{2217F3AD-06B8-4B6C-8E3E-85E6E596B70A}.CodeAnalysis|Any CPU.Build.0 = Debug|Any CPU
		{2217F3AD-06B8-4B6C-8E3E-85E6E596B70A}.CodeAnalysis|x86.ActiveCfg = Debug|Any CPU
		{2217F3AD-06B8-4B6C-8E3E-85E6E596B70A}.CodeAnalysis|x86.Build.0 = Debug|Any CPU
		{2217F3AD-06B8-4B6C-8E3E-85E6E596B70A}.Debug|Any CPU.ActiveCfg = Debug|Any CPU
		{2217F3AD-06B8-4B6C-8E3E-85E6E596B70A}.Debug|Any CPU.Build.0 = Debug|Any CPU
		{2217F3AD-06B8-4B6C-8E3E-85E6E596B70A}.Debug|x86.ActiveCfg = Debug|Any CPU
		{2217F3AD-06B8-4B6C-8E3E-85E6E596B70A}.Debug|x86.Build.0 = Debug|Any CPU
		{2217F3AD-06B8-4B6C-8E3E-85E6E596B70A}.QA|Any CPU.ActiveCfg = Debug|Any CPU
		{2217F3AD-06B8-4B6C-8E3E-85E6E596B70A}.QA|Any CPU.Build.0 = Debug|Any CPU
		{2217F3AD-06B8-4B6C-8E3E-85E6E596B70A}.QA|x86.ActiveCfg = Debug|Any CPU
		{2217F3AD-06B8-4B6C-8E3E-85E6E596B70A}.QA|x86.Build.0 = Debug|Any CPU
		{2217F3AD-06B8-4B6C-8E3E-85E6E596B70A}.Release|Any CPU.ActiveCfg = Release|Any CPU
		{2217F3AD-06B8-4B6C-8E3E-85E6E596B70A}.Release|Any CPU.Build.0 = Release|Any CPU
		{2217F3AD-06B8-4B6C-8E3E-85E6E596B70A}.Release|x86.ActiveCfg = Release|Any CPU
		{2217F3AD-06B8-4B6C-8E3E-85E6E596B70A}.Release|x86.Build.0 = Release|Any CPU
		{36F3B958-1F32-4980-91DD-4BE68B7787A6}.CodeAnalysis|Any CPU.ActiveCfg = Debug|Any CPU
		{36F3B958-1F32-4980-91DD-4BE68B7787A6}.CodeAnalysis|Any CPU.Build.0 = Debug|Any CPU
		{36F3B958-1F32-4980-91DD-4BE68B7787A6}.CodeAnalysis|x86.ActiveCfg = Debug|Any CPU
		{36F3B958-1F32-4980-91DD-4BE68B7787A6}.CodeAnalysis|x86.Build.0 = Debug|Any CPU
		{36F3B958-1F32-4980-91DD-4BE68B7787A6}.Debug|Any CPU.ActiveCfg = Debug|Any CPU
		{36F3B958-1F32-4980-91DD-4BE68B7787A6}.Debug|Any CPU.Build.0 = Debug|Any CPU
		{36F3B958-1F32-4980-91DD-4BE68B7787A6}.Debug|x86.ActiveCfg = Debug|Any CPU
		{36F3B958-1F32-4980-91DD-4BE68B7787A6}.Debug|x86.Build.0 = Debug|Any CPU
		{36F3B958-1F32-4980-91DD-4BE68B7787A6}.QA|Any CPU.ActiveCfg = Debug|Any CPU
		{36F3B958-1F32-4980-91DD-4BE68B7787A6}.QA|Any CPU.Build.0 = Debug|Any CPU
		{36F3B958-1F32-4980-91DD-4BE68B7787A6}.QA|x86.ActiveCfg = Debug|Any CPU
		{36F3B958-1F32-4980-91DD-4BE68B7787A6}.QA|x86.Build.0 = Debug|Any CPU
		{36F3B958-1F32-4980-91DD-4BE68B7787A6}.Release|Any CPU.ActiveCfg = Release|Any CPU
		{36F3B958-1F32-4980-91DD-4BE68B7787A6}.Release|Any CPU.Build.0 = Release|Any CPU
		{36F3B958-1F32-4980-91DD-4BE68B7787A6}.Release|x86.ActiveCfg = Release|Any CPU
		{36F3B958-1F32-4980-91DD-4BE68B7787A6}.Release|x86.Build.0 = Release|Any CPU
		{41CB4170-1EC5-4859-8751-750DA4942AE1}.CodeAnalysis|Any CPU.ActiveCfg = Debug|Any CPU
		{41CB4170-1EC5-4859-8751-750DA4942AE1}.CodeAnalysis|Any CPU.Build.0 = Debug|Any CPU
		{41CB4170-1EC5-4859-8751-750DA4942AE1}.CodeAnalysis|x86.ActiveCfg = Debug|Any CPU
		{41CB4170-1EC5-4859-8751-750DA4942AE1}.CodeAnalysis|x86.Build.0 = Debug|Any CPU
		{41CB4170-1EC5-4859-8751-750DA4942AE1}.Debug|Any CPU.ActiveCfg = Debug|Any CPU
		{41CB4170-1EC5-4859-8751-750DA4942AE1}.Debug|Any CPU.Build.0 = Debug|Any CPU
		{41CB4170-1EC5-4859-8751-750DA4942AE1}.Debug|x86.ActiveCfg = Debug|Any CPU
		{41CB4170-1EC5-4859-8751-750DA4942AE1}.Debug|x86.Build.0 = Debug|Any CPU
		{41CB4170-1EC5-4859-8751-750DA4942AE1}.QA|Any CPU.ActiveCfg = Debug|Any CPU
		{41CB4170-1EC5-4859-8751-750DA4942AE1}.QA|Any CPU.Build.0 = Debug|Any CPU
		{41CB4170-1EC5-4859-8751-750DA4942AE1}.QA|x86.ActiveCfg = Debug|Any CPU
		{41CB4170-1EC5-4859-8751-750DA4942AE1}.QA|x86.Build.0 = Debug|Any CPU
		{41CB4170-1EC5-4859-8751-750DA4942AE1}.Release|Any CPU.ActiveCfg = Release|Any CPU
		{41CB4170-1EC5-4859-8751-750DA4942AE1}.Release|Any CPU.Build.0 = Release|Any CPU
		{41CB4170-1EC5-4859-8751-750DA4942AE1}.Release|x86.ActiveCfg = Release|Any CPU
		{41CB4170-1EC5-4859-8751-750DA4942AE1}.Release|x86.Build.0 = Release|Any CPU
		{AAF587B8-9767-47EA-85F8-08D6FB521378}.CodeAnalysis|Any CPU.ActiveCfg = Debug|Any CPU
		{AAF587B8-9767-47EA-85F8-08D6FB521378}.CodeAnalysis|Any CPU.Build.0 = Debug|Any CPU
		{AAF587B8-9767-47EA-85F8-08D6FB521378}.CodeAnalysis|x86.ActiveCfg = Debug|Any CPU
		{AAF587B8-9767-47EA-85F8-08D6FB521378}.CodeAnalysis|x86.Build.0 = Debug|Any CPU
		{AAF587B8-9767-47EA-85F8-08D6FB521378}.Debug|Any CPU.ActiveCfg = Debug|Any CPU
		{AAF587B8-9767-47EA-85F8-08D6FB521378}.Debug|Any CPU.Build.0 = Debug|Any CPU
		{AAF587B8-9767-47EA-85F8-08D6FB521378}.Debug|x86.ActiveCfg = Debug|Any CPU
		{AAF587B8-9767-47EA-85F8-08D6FB521378}.Debug|x86.Build.0 = Debug|Any CPU
		{AAF587B8-9767-47EA-85F8-08D6FB521378}.QA|Any CPU.ActiveCfg = Debug|Any CPU
		{AAF587B8-9767-47EA-85F8-08D6FB521378}.QA|Any CPU.Build.0 = Debug|Any CPU
		{AAF587B8-9767-47EA-85F8-08D6FB521378}.QA|x86.ActiveCfg = Debug|Any CPU
		{AAF587B8-9767-47EA-85F8-08D6FB521378}.QA|x86.Build.0 = Debug|Any CPU
		{AAF587B8-9767-47EA-85F8-08D6FB521378}.Release|Any CPU.ActiveCfg = Release|Any CPU
		{AAF587B8-9767-47EA-85F8-08D6FB521378}.Release|Any CPU.Build.0 = Release|Any CPU
		{AAF587B8-9767-47EA-85F8-08D6FB521378}.Release|x86.ActiveCfg = Release|Any CPU
		{AAF587B8-9767-47EA-85F8-08D6FB521378}.Release|x86.Build.0 = Release|Any CPU
		{9D9CBD01-0F1B-4A8E-A78F-48CC06DAB33A}.CodeAnalysis|Any CPU.ActiveCfg = Debug|Any CPU
		{9D9CBD01-0F1B-4A8E-A78F-48CC06DAB33A}.CodeAnalysis|Any CPU.Build.0 = Debug|Any CPU
		{9D9CBD01-0F1B-4A8E-A78F-48CC06DAB33A}.CodeAnalysis|x86.ActiveCfg = Debug|Any CPU
		{9D9CBD01-0F1B-4A8E-A78F-48CC06DAB33A}.CodeAnalysis|x86.Build.0 = Debug|Any CPU
		{9D9CBD01-0F1B-4A8E-A78F-48CC06DAB33A}.Debug|Any CPU.ActiveCfg = Debug|Any CPU
		{9D9CBD01-0F1B-4A8E-A78F-48CC06DAB33A}.Debug|Any CPU.Build.0 = Debug|Any CPU
		{9D9CBD01-0F1B-4A8E-A78F-48CC06DAB33A}.Debug|x86.ActiveCfg = Debug|Any CPU
		{9D9CBD01-0F1B-4A8E-A78F-48CC06DAB33A}.Debug|x86.Build.0 = Debug|Any CPU
		{9D9CBD01-0F1B-4A8E-A78F-48CC06DAB33A}.QA|Any CPU.ActiveCfg = Debug|Any CPU
		{9D9CBD01-0F1B-4A8E-A78F-48CC06DAB33A}.QA|Any CPU.Build.0 = Debug|Any CPU
		{9D9CBD01-0F1B-4A8E-A78F-48CC06DAB33A}.QA|x86.ActiveCfg = Debug|Any CPU
		{9D9CBD01-0F1B-4A8E-A78F-48CC06DAB33A}.QA|x86.Build.0 = Debug|Any CPU
		{9D9CBD01-0F1B-4A8E-A78F-48CC06DAB33A}.Release|Any CPU.ActiveCfg = Release|Any CPU
		{9D9CBD01-0F1B-4A8E-A78F-48CC06DAB33A}.Release|Any CPU.Build.0 = Release|Any CPU
		{9D9CBD01-0F1B-4A8E-A78F-48CC06DAB33A}.Release|x86.ActiveCfg = Release|Any CPU
		{9D9CBD01-0F1B-4A8E-A78F-48CC06DAB33A}.Release|x86.Build.0 = Release|Any CPU
	EndGlobalSection
	GlobalSection(SolutionProperties) = preSolution
		HideSolutionNode = FALSE
	EndGlobalSection
	GlobalSection(ExtensibilityGlobals) = postSolution
		SolutionGuid = {0823C4FC-7701-4D92-911A-780F669AA581}
		VisualSVNWorkingCopyRoot = .
		EnterpriseLibraryConfigurationToolBinariesPath = packages\Unity.2.1.505.0\lib\NET35;packages\Unity.2.1.505.2\lib\NET35
	EndGlobalSection
EndGlobal
